{
    "laminas/laminas-zendframework-bridge": {
        "version": "1.0.3"
    },
    "php": {
        "version": "7.4"
    },
    "ralouphie/getallheaders": {
        "version": "3.0.3"
    },
    "symfony/cache-contracts": {
        "version": "v2.0.1"
    },
    "symfony/error-handler": {
        "version": "v4.4.8"
    },
    "symfony/event-dispatcher-contracts": {
        "version": "v1.1.7"
    },
    "symfony/mime": {
        "version": "v5.0.8"
    },
    "symfony/polyfill-intl-idn": {
        "version": "v1.16.0"
    },
    "symfony/polyfill-php72": {
        "version": "v1.16.0"
    },
    "symfony/polyfill-php73": {
        "version": "v1.16.0"
    },
    "symfony/security-core": {
        "version": "v4.4.8"
    },
    "symfony/security-csrf": {
        "version": "v4.4.8"
    },
    "symfony/security-guard": {
        "version": "v4.4.8"
    },
    "symfony/security-http": {
        "version": "v4.4.8"
    },
    "symfony/service-contracts": {
        "version": "v2.0.1"
    },
    "symfony/translation-contracts": {
        "version": "v2.0.1"
    },
    "symfony/var-dumper": {
        "version": "v4.4.8"
    },
    "symfony/var-exporter": {
        "version": "v5.0.8"
    },
    "webimpress/safe-writer": {
        "version": "2.0.1"
    }
}
